
Microsoft Visual Studio Solution File, Format Version 12.00
# Visual Studio Version 16
VisualStudioVersion = 16.0.31424.327
MinimumVisualStudioVersion = 10.0.40219.1
Project("{FAE04EC0-301F-11D3-BF4B-00C04F79EFBC}") = "TestApp_forJuniorInterview", "TestApp_forJuniorInterview\TestApp_forJuniorInterview.csproj", "{022F6C36-46EA-422E-A88A-3A2B3C9F7164}"
EndProject
Global
	GlobalSection(SolutionConfigurationPlatforms) = preSolution
		Debug|Any CPU = Debug|Any CPU
		Release|Any CPU = Release|Any CPU
	EndGlobalSection
	GlobalSection(ProjectConfigurationPlatforms) = postSolution
		{022F6C36-46EA-422E-A88A-3A2B3C9F7164}.Debug|Any CPU.ActiveCfg = Debug|Any CPU
		{022F6C36-46EA-422E-A88A-3A2B3C9F7164}.Debug|Any CPU.Build.0 = Debug|Any CPU
		{022F6C36-46EA-422E-A88A-3A2B3C9F7164}.Release|Any CPU.ActiveCfg = Release|Any CPU
		{022F6C36-46EA-422E-A88A-3A2B3C9F7164}.Release|Any CPU.Build.0 = Release|Any CPU
	EndGlobalSection
	GlobalSection(SolutionProperties) = preSolution
		HideSolutionNode = FALSE
	EndGlobalSection
	GlobalSection(ExtensibilityGlobals) = postSolution
		SolutionGuid = {CBC77504-52A7-4AED-A220-BA7781AF2BF1}
	EndGlobalSection
EndGlobal
